// !$*UTF8*$!
{
	archiveVersion = 1;
	classes = {
	};
	objectVersion = 50;
	objects = {

/* Begin PBXBuildFile section */
		8598F0FC2280FB1100747FFF /* check.sh in CopyFiles */ = {isa = PBXBuildFile; fileRef = 85B604802280BA980010B5D5 /* check.sh */; };
		8598F0FD2280FB1100747FFF /* file1.txt in CopyFiles */ = {isa = PBXBuildFile; fileRef = 85B604842280BA990010B5D5 /* file1.txt */; };
		8598F0FE2280FB1100747FFF /* file2.txt in CopyFiles */ = {isa = PBXBuildFile; fileRef = 85B604882280BA990010B5D5 /* file2.txt */; };
		8598F0FF2280FB1100747FFF /* file3.txt in CopyFiles */ = {isa = PBXBuildFile; fileRef = 85B6048B2280BA990010B5D5 /* file3.txt */; };
		8598F1002280FB1100747FFF /* file4.txt in CopyFiles */ = {isa = PBXBuildFile; fileRef = 85B604862280BA990010B5D5 /* file4.txt */; };
		8598F1012280FB1100747FFF /* file5.txt in CopyFiles */ = {isa = PBXBuildFile; fileRef = 85B604852280BA990010B5D5 /* file5.txt */; };
		8598F1022280FB1100747FFF /* key_file1.txt in CopyFiles */ = {isa = PBXBuildFile; fileRef = 85B6048C2280BA990010B5D5 /* key_file1.txt */; };
		8598F1032280FB1100747FFF /* key_file2.txt in CopyFiles */ = {isa = PBXBuildFile; fileRef = 85B604892280BA990010B5D5 /* key_file2.txt */; };
		8598F1042280FB1100747FFF /* key_file3.txt in CopyFiles */ = {isa = PBXBuildFile; fileRef = 85B6048A2280BA990010B5D5 /* key_file3.txt */; };
		8598F1052280FB1100747FFF /* key_file4.txt in CopyFiles */ = {isa = PBXBuildFile; fileRef = 85B604872280BA990010B5D5 /* key_file4.txt */; };
		8598F1062280FB1100747FFF /* key_file5.txt in CopyFiles */ = {isa = PBXBuildFile; fileRef = 85B604812280BA990010B5D5 /* key_file5.txt */; };
		85B6048E2280BA9A0010B5D5 /* main.cpp in Sources */ = {isa = PBXBuildFile; fileRef = 85B604832280BA990010B5D5 /* main.cpp */; };
		85B604952280ED360010B5D5 /* ExpressionManager.cpp in Sources */ = {isa = PBXBuildFile; fileRef = 85B604932280ED360010B5D5 /* ExpressionManager.cpp */; };
/* End PBXBuildFile section */

/* Begin PBXCopyFilesBuildPhase section */
		85B604742280B9BE0010B5D5 /* CopyFiles */ = {
			isa = PBXCopyFilesBuildPhase;
			buildActionMask = 12;
			dstPath = "";
			dstSubfolderSpec = 16;
			files = (
				8598F0FC2280FB1100747FFF /* check.sh in CopyFiles */,
				8598F0FD2280FB1100747FFF /* file1.txt in CopyFiles */,
				8598F0FE2280FB1100747FFF /* file2.txt in CopyFiles */,
				8598F0FF2280FB1100747FFF /* file3.txt in CopyFiles */,
				8598F1002280FB1100747FFF /* file4.txt in CopyFiles */,
				8598F1012280FB1100747FFF /* file5.txt in CopyFiles */,
				8598F1022280FB1100747FFF /* key_file1.txt in CopyFiles */,
				8598F1032280FB1100747FFF /* key_file2.txt in CopyFiles */,
				8598F1042280FB1100747FFF /* key_file3.txt in CopyFiles */,
				8598F1052280FB1100747FFF /* key_file4.txt in CopyFiles */,
				8598F1062280FB1100747FFF /* key_file5.txt in CopyFiles */,
			);
			runOnlyForDeploymentPostprocessing = 0;
		};
/* End PBXCopyFilesBuildPhase section */

/* Begin PBXFileReference section */
		85B604762280B9BE0010B5D5 /* Lab2-Expressions */ = {isa = PBXFileReference; explicitFileType = "compiled.mach-o.executable"; includeInIndex = 0; path = "Lab2-Expressions"; sourceTree = BUILT_PRODUCTS_DIR; };
		85B604802280BA980010B5D5 /* check.sh */ = {isa = PBXFileReference; fileEncoding = 4; lastKnownFileType = text.script.sh; path = check.sh; sourceTree = "<group>"; };
		85B604812280BA990010B5D5 /* key_file5.txt */ = {isa = PBXFileReference; fileEncoding = 4; lastKnownFileType = text; path = key_file5.txt; sourceTree = "<group>"; };
		85B604822280BA990010B5D5 /* ExpressionManagerInterface.h */ = {isa = PBXFileReference; fileEncoding = 4; lastKnownFileType = sourcecode.c.h; path = ExpressionManagerInterface.h; sourceTree = "<group>"; };
		85B604832280BA990010B5D5 /* main.cpp */ = {isa = PBXFileReference; fileEncoding = 4; lastKnownFileType = sourcecode.cpp.cpp; path = main.cpp; sourceTree = "<group>"; };
		85B604842280BA990010B5D5 /* file1.txt */ = {isa = PBXFileReference; fileEncoding = 4; lastKnownFileType = text; path = file1.txt; sourceTree = "<group>"; };
		85B604852280BA990010B5D5 /* file5.txt */ = {isa = PBXFileReference; fileEncoding = 4; lastKnownFileType = text; path = file5.txt; sourceTree = "<group>"; };
		85B604862280BA990010B5D5 /* file4.txt */ = {isa = PBXFileReference; fileEncoding = 4; lastKnownFileType = text; path = file4.txt; sourceTree = "<group>"; };
		85B604872280BA990010B5D5 /* key_file4.txt */ = {isa = PBXFileReference; fileEncoding = 4; lastKnownFileType = text; path = key_file4.txt; sourceTree = "<group>"; };
		85B604882280BA990010B5D5 /* file2.txt */ = {isa = PBXFileReference; fileEncoding = 4; lastKnownFileType = text; path = file2.txt; sourceTree = "<group>"; };
		85B604892280BA990010B5D5 /* key_file2.txt */ = {isa = PBXFileReference; fileEncoding = 4; lastKnownFileType = text; path = key_file2.txt; sourceTree = "<group>"; };
		85B6048A2280BA990010B5D5 /* key_file3.txt */ = {isa = PBXFileReference; fileEncoding = 4; lastKnownFileType = text; path = key_file3.txt; sourceTree = "<group>"; };
		85B6048B2280BA990010B5D5 /* file3.txt */ = {isa = PBXFileReference; fileEncoding = 4; lastKnownFileType = text; path = file3.txt; sourceTree = "<group>"; };
		85B6048C2280BA990010B5D5 /* key_file1.txt */ = {isa = PBXFileReference; fileEncoding = 4; lastKnownFileType = text; path = key_file1.txt; sourceTree = "<group>"; };
		85B6048D2280BA990010B5D5 /* README.md */ = {isa = PBXFileReference; fileEncoding = 4; lastKnownFileType = net.daringfireball.markdown; path = README.md; sourceTree = "<group>"; };
		85B604932280ED360010B5D5 /* ExpressionManager.cpp */ = {isa = PBXFileReference; lastKnownFileType = sourcecode.cpp.cpp; path = ExpressionManager.cpp; sourceTree = "<group>"; };
		85B604942280ED360010B5D5 /* ExpressionManager.h */ = {isa = PBXFileReference; lastKnownFileType = sourcecode.c.h; path = ExpressionManager.h; sourceTree = "<group>"; };
/* End PBXFileReference section */

/* Begin PBXFrameworksBuildPhase section */
		85B604732280B9BE0010B5D5 /* Frameworks */ = {
			isa = PBXFrameworksBuildPhase;
			buildActionMask = 2147483647;
			files = (
			);
			runOnlyForDeploymentPostprocessing = 0;
		};
/* End PBXFrameworksBuildPhase section */

/* Begin PBXGroup section */
		85B6046D2280B9BE0010B5D5 = {
			isa = PBXGroup;
			children = (
				85B604782280B9BE0010B5D5 /* Lab2-Expressions */,
				85B604772280B9BE0010B5D5 /* Products */,
			);
			sourceTree = "<group>";
		};
		85B604772280B9BE0010B5D5 /* Products */ = {
			isa = PBXGroup;
			children = (
				85B604762280B9BE0010B5D5 /* Lab2-Expressions */,
			);
			name = Products;
			sourceTree = "<group>";
		};
		85B604782280B9BE0010B5D5 /* Lab2-Expressions */ = {
			isa = PBXGroup;
			children = (
				85B6048F2280BAA60010B5D5 /* External */,
				85B604822280BA990010B5D5 /* ExpressionManagerInterface.h */,
				85B604942280ED360010B5D5 /* ExpressionManager.h */,
				85B604932280ED360010B5D5 /* ExpressionManager.cpp */,
				85B604832280BA990010B5D5 /* main.cpp */,
				85B6048D2280BA990010B5D5 /* README.md */,
			);
			path = "Lab2-Expressions";
			sourceTree = "<group>";
		};
		85B6048F2280BAA60010B5D5 /* External */ = {
			isa = PBXGroup;
			children = (
				85B604802280BA980010B5D5 /* check.sh */,
				85B604842280BA990010B5D5 /* file1.txt */,
				85B604882280BA990010B5D5 /* file2.txt */,
				85B6048B2280BA990010B5D5 /* file3.txt */,
				85B604862280BA990010B5D5 /* file4.txt */,
				85B604852280BA990010B5D5 /* file5.txt */,
				85B6048C2280BA990010B5D5 /* key_file1.txt */,
				85B604892280BA990010B5D5 /* key_file2.txt */,
				85B6048A2280BA990010B5D5 /* key_file3.txt */,
				85B604872280BA990010B5D5 /* key_file4.txt */,
				85B604812280BA990010B5D5 /* key_file5.txt */,
			);
			name = External;
			sourceTree = "<group>";
		};
/* End PBXGroup section */

/* Begin PBXNativeTarget section */
		85B604752280B9BE0010B5D5 /* Lab2-Expressions */ = {
			isa = PBXNativeTarget;
			buildConfigurationList = 85B6047D2280B9BE0010B5D5 /* Build configuration list for PBXNativeTarget "Lab2-Expressions" */;
			buildPhases = (
				85B604722280B9BE0010B5D5 /* Sources */,
				85B604732280B9BE0010B5D5 /* Frameworks */,
				85B604742280B9BE0010B5D5 /* CopyFiles */,
			);
			buildRules = (
			);
			dependencies = (
			);
			name = "Lab2-Expressions";
			productName = "Lab2-Expressions";
			productReference = 85B604762280B9BE0010B5D5 /* Lab2-Expressions */;
			productType = "com.apple.product-type.tool";
		};
/* End PBXNativeTarget section */

/* Begin PBXProject section */
		85B6046E2280B9BE0010B5D5 /* Project object */ = {
			isa = PBXProject;
			attributes = {
				LastUpgradeCheck = 1020;
				ORGANIZATIONNAME = "James Robinson";
				TargetAttributes = {
					85B604752280B9BE0010B5D5 = {
						CreatedOnToolsVersion = 10.2.1;
					};
				};
			};
			buildConfigurationList = 85B604712280B9BE0010B5D5 /* Build configuration list for PBXProject "Lab2-Expressions" */;
			compatibilityVersion = "Xcode 9.3";
			developmentRegion = en;
			hasScannedForEncodings = 0;
			knownRegions = (
				en,
			);
			mainGroup = 85B6046D2280B9BE0010B5D5;
			productRefGroup = 85B604772280B9BE0010B5D5 /* Products */;
			projectDirPath = "";
			projectRoot = "";
			targets = (
				85B604752280B9BE0010B5D5 /* Lab2-Expressions */,
			);
		};
/* End PBXProject section */

/* Begin PBXSourcesBuildPhase section */
		85B604722280B9BE0010B5D5 /* Sources */ = {
			isa = PBXSourcesBuildPhase;
			buildActionMask = 2147483647;
			files = (
				85B6048E2280BA9A0010B5D5 /* main.cpp in Sources */,
				85B604952280ED360010B5D5 /* ExpressionManager.cpp in Sources */,
			);
			runOnlyForDeploymentPostprocessing = 0;
		};
/* End PBXSourcesBuildPhase section */

/* Begin XCBuildConfiguration section */
		85B6047B2280B9BE0010B5D5 /* Debug */ = {
			isa = XCBuildConfiguration;
			buildSettings = {
				ALWAYS_SEARCH_USER_PATHS = NO;
				CLANG_ANALYZER_NONNULL = YES;
				CLANG_ANALYZER_NUMBER_OBJECT_CONVERSION = YES_AGGRESSIVE;
				CLANG_CXX_LANGUAGE_STANDARD = "gnu++14";
				CLANG_CXX_LIBRARY = "libc++";
				CLANG_ENABLE_MODULES = YES;
				CLANG_ENABLE_OBJC_ARC = YES;
				CLANG_ENABLE_OBJC_WEAK = YES;
				CLANG_WARN_BLOCK_CAPTURE_AUTORELEASING = YES;
				CLANG_WARN_BOOL_CONVERSION = YES;
				CLANG_WARN_COMMA = YES;
				CLANG_WARN_CONSTANT_CONVERSION = YES;
				CLANG_WARN_DEPRECATED_OBJC_IMPLEMENTATIONS = YES;
				CLANG_WARN_DIRECT_OBJC_ISA_USAGE = YES_ERROR;
				CLANG_WARN_DOCUMENTATION_COMMENTS = YES;
				CLANG_WARN_EMPTY_BODY = YES;
				CLANG_WARN_ENUM_CONVERSION = YES;
				CLANG_WARN_INFINITE_RECURSION = YES;
				CLANG_WARN_INT_CONVERSION = YES;
				CLANG_WARN_NON_LITERAL_NULL_CONVERSION = YES;
				CLANG_WARN_OBJC_IMPLICIT_RETAIN_SELF = YES;
				CLANG_WARN_OBJC_LITERAL_CONVERSION = YES;
				CLANG_WARN_OBJC_ROOT_CLASS = YES_ERROR;
				CLANG_WARN_RANGE_LOOP_ANALYSIS = YES;
				CLANG_WARN_STRICT_PROTOTYPES = YES;
				CLANG_WARN_SUSPICIOUS_MOVE = YES;
				CLANG_WARN_UNGUARDED_AVAILABILITY = YES_AGGRESSIVE;
				CLANG_WARN_UNREACHABLE_CODE = YES;
				CLANG_WARN__DUPLICATE_METHOD_MATCH = YES;
				CODE_SIGN_IDENTITY = "-";
				COPY_PHASE_STRIP = NO;
				DEBUG_INFORMATION_FORMAT = dwarf;
				ENABLE_STRICT_OBJC_MSGSEND = YES;
				ENABLE_TESTABILITY = YES;
				GCC_C_LANGUAGE_STANDARD = gnu11;
				GCC_DYNAMIC_NO_PIC = NO;
				GCC_NO_COMMON_BLOCKS = YES;
				GCC_OPTIMIZATION_LEVEL = 0;
				GCC_PREPROCESSOR_DEFINITIONS = (
					"DEBUG=1",
					"$(inherited)",
				);
				GCC_WARN_64_TO_32_BIT_CONVERSION = YES;
				GCC_WARN_ABOUT_RETURN_TYPE = YES_ERROR;
				GCC_WARN_UNDECLARED_SELECTOR = YES;
				GCC_WARN_UNINITIALIZED_AUTOS = YES_AGGRESSIVE;
				GCC_WARN_UNUSED_FUNCTION = YES;
				GCC_WARN_UNUSED_VARIABLE = YES;
				MACOSX_DEPLOYMENT_TARGET = 10.14;
				MTL_ENABLE_DEBUG_INFO = INCLUDE_SOURCE;
				MTL_FAST_MATH = YES;
				ONLY_ACTIVE_ARCH = YES;
				SDKROOT = macosx;
			};
			name = Debug;
		};
		85B6047C2280B9BE0010B5D5 /* Release */ = {
			isa = XCBuildConfiguration;
			buildSettings = {
				ALWAYS_SEARCH_USER_PATHS = NO;
				CLANG_ANALYZER_NONNULL = YES;
				CLANG_ANALYZER_NUMBER_OBJECT_CONVERSION = YES_AGGRESSIVE;
				CLANG_CXX_LANGUAGE_STANDARD = "gnu++14";
				CLANG_CXX_LIBRARY = "libc++";
				CLANG_ENABLE_MODULES = YES;
				CLANG_ENABLE_OBJC_ARC = YES;
				CLANG_ENABLE_OBJC_WEAK = YES;
				CLANG_WARN_BLOCK_CAPTURE_AUTORELEASING = YES;
				CLANG_WARN_BOOL_CONVERSION = YES;
				CLANG_WARN_COMMA = YES;
				CLANG_WARN_CONSTANT_CONVERSION = YES;
				CLANG_WARN_DEPRECATED_OBJC_IMPLEMENTATIONS = YES;
				CLANG_WARN_DIRECT_OBJC_ISA_USAGE = YES_ERROR;
				CLANG_WARN_DOCUMENTATION_COMMENTS = YES;
				CLANG_WARN_EMPTY_BODY = YES;
				CLANG_WARN_ENUM_CONVERSION = YES;
				CLANG_WARN_INFINITE_RECURSION = YES;
				CLANG_WARN_INT_CONVERSION = YES;
				CLANG_WARN_NON_LITERAL_NULL_CONVERSION = YES;
				CLANG_WARN_OBJC_IMPLICIT_RETAIN_SELF = YES;
				CLANG_WARN_OBJC_LITERAL_CONVERSION = YES;
				CLANG_WARN_OBJC_ROOT_CLASS = YES_ERROR;
				CLANG_WARN_RANGE_LOOP_ANALYSIS = YES;
				CLANG_WARN_STRICT_PROTOTYPES = YES;
				CLANG_WARN_SUSPICIOUS_MOVE = YES;
				CLANG_WARN_UNGUARDED_AVAILABILITY = YES_AGGRESSIVE;
				CLANG_WARN_UNREACHABLE_CODE = YES;
				CLANG_WARN__DUPLICATE_METHOD_MATCH = YES;
				CODE_SIGN_IDENTITY = "-";
				COPY_PHASE_STRIP = NO;
				DEBUG_INFORMATION_FORMAT = "dwarf-with-dsym";
				ENABLE_NS_ASSERTIONS = NO;
				ENABLE_STRICT_OBJC_MSGSEND = YES;
				GCC_C_LANGUAGE_STANDARD = gnu11;
				GCC_NO_COMMON_BLOCKS = YES;
				GCC_WARN_64_TO_32_BIT_CONVERSION = YES;
				GCC_WARN_ABOUT_RETURN_TYPE = YES_ERROR;
				GCC_WARN_UNDECLARED_SELECTOR = YES;
				GCC_WARN_UNINITIALIZED_AUTOS = YES_AGGRESSIVE;
				GCC_WARN_UNUSED_FUNCTION = YES;
				GCC_WARN_UNUSED_VARIABLE = YES;
				MACOSX_DEPLOYMENT_TARGET = 10.14;
				MTL_ENABLE_DEBUG_INFO = NO;
				MTL_FAST_MATH = YES;
				SDKROOT = macosx;
			};
			name = Release;
		};
		85B6047E2280B9BE0010B5D5 /* Debug */ = {
			isa = XCBuildConfiguration;
			buildSettings = {
				CODE_SIGN_STYLE = Automatic;
				PRODUCT_NAME = "$(TARGET_NAME)";
			};
			name = Debug;
		};
		85B6047F2280B9BE0010B5D5 /* Release */ = {
			isa = XCBuildConfiguration;
			buildSettings = {
				CODE_SIGN_STYLE = Automatic;
				PRODUCT_NAME = "$(TARGET_NAME)";
			};
			name = Release;
		};
/* End XCBuildConfiguration section */

/* Begin XCConfigurationList section */
		85B604712280B9BE0010B5D5 /* Build configuration list for PBXProject "Lab2-Expressions" */ = {
			isa = XCConfigurationList;
			buildConfigurations = (
				85B6047B2280B9BE0010B5D5 /* Debug */,
				85B6047C2280B9BE0010B5D5 /* Release */,
			);
			defaultConfigurationIsVisible = 0;
			defaultConfigurationName = Release;
		};
		85B6047D2280B9BE0010B5D5 /* Build configuration list for PBXNativeTarget "Lab2-Expressions" */ = {
			isa = XCConfigurationList;
			buildConfigurations = (
				85B6047E2280B9BE0010B5D5 /* Debug */,
				85B6047F2280B9BE0010B5D5 /* Release */,
			);
			defaultConfigurationIsVisible = 0;
			defaultConfigurationName = Release;
		};
/* End XCConfigurationList section */
	};
	rootObject = 85B6046E2280B9BE0010B5D5 /* Project object */;
}
